
Microsoft Visual Studio Solution File, Format Version 12.00
# Visual Studio Version 16
VisualStudioVersion = 16.0.31005.135
MinimumVisualStudioVersion = 10.0.40219.1
Project("{FAE04EC0-301F-11D3-BF4B-00C04F79EFBC}") = "UserMaintenance", "UserMaintenance\UserMaintenance.csproj", "{05B99665-2C1E-4928-BC87-2D37FC890AC8}"
EndProject
Project("{FAE04EC0-301F-11D3-BF4B-00C04F79EFBC}") = "valueAtRisk", "valueAtRisk\valueAtRisk.csproj", "{03AA02DD-E50F-40A9-9BFD-503C6866C5A5}"
EndProject
Project("{FAE04EC0-301F-11D3-BF4B-00C04F79EFBC}") = "Webszolgaltatas", "Webszolgaltatas\Webszolgaltatas.csproj", "{49776667-5F84-44F8-8E3C-CF8AF3F28148}"
EndProject
Global
	GlobalSection(SolutionConfigurationPlatforms) = preSolution
		Debug|Any CPU = Debug|Any CPU
		Release|Any CPU = Release|Any CPU
	EndGlobalSection
	GlobalSection(ProjectConfigurationPlatforms) = postSolution
		{05B99665-2C1E-4928-BC87-2D37FC890AC8}.Debug|Any CPU.ActiveCfg = Debug|Any CPU
		{05B99665-2C1E-4928-BC87-2D37FC890AC8}.Debug|Any CPU.Build.0 = Debug|Any CPU
		{05B99665-2C1E-4928-BC87-2D37FC890AC8}.Release|Any CPU.ActiveCfg = Release|Any CPU
		{05B99665-2C1E-4928-BC87-2D37FC890AC8}.Release|Any CPU.Build.0 = Release|Any CPU
		{03AA02DD-E50F-40A9-9BFD-503C6866C5A5}.Debug|Any CPU.ActiveCfg = Debug|Any CPU
		{03AA02DD-E50F-40A9-9BFD-503C6866C5A5}.Debug|Any CPU.Build.0 = Debug|Any CPU
		{03AA02DD-E50F-40A9-9BFD-503C6866C5A5}.Release|Any CPU.ActiveCfg = Release|Any CPU
		{03AA02DD-E50F-40A9-9BFD-503C6866C5A5}.Release|Any CPU.Build.0 = Release|Any CPU
		{49776667-5F84-44F8-8E3C-CF8AF3F28148}.Debug|Any CPU.ActiveCfg = Debug|Any CPU
		{49776667-5F84-44F8-8E3C-CF8AF3F28148}.Debug|Any CPU.Build.0 = Debug|Any CPU
		{49776667-5F84-44F8-8E3C-CF8AF3F28148}.Release|Any CPU.ActiveCfg = Release|Any CPU
		{49776667-5F84-44F8-8E3C-CF8AF3F28148}.Release|Any CPU.Build.0 = Release|Any CPU
	EndGlobalSection
	GlobalSection(SolutionProperties) = preSolution
		HideSolutionNode = FALSE
	EndGlobalSection
	GlobalSection(ExtensibilityGlobals) = postSolution
		SolutionGuid = {F4DB9241-EC81-4E06-8554-B689BF1CF9A2}
	EndGlobalSection
EndGlobal
